{
  "version": "2",
  "remote": {
    "https://deno.land/std@0.181.0/fmt/colors.ts": "d67e3cd9f472535241a8e410d33423980bec45047e343577554d3356e1f0ef4e",
    "https://deno.land/std@0.181.0/testing/_diff.ts": "1a3c044aedf77647d6cac86b798c6417603361b66b54c53331b312caeb447aea",
    "https://deno.land/std@0.181.0/testing/_format.ts": "a69126e8a469009adf4cf2a50af889aca364c349797e63174884a52ff75cf4c7",
    "https://deno.land/std@0.181.0/testing/asserts.ts": "e16d98b4d73ffc4ed498d717307a12500ae4f2cbe668f1a215632d19fcffc22f",
    "https://esm.sh/rxjs@7.8.0?bundle&pin=v113": "5fcc90e33c7f3b758c0f5d23e6f66aa8c6ea055207f35b13c4d22b6a41df4fa0",
    "https://esm.sh/v113/rxjs@7.8.0/deno/rxjs.bundle.mjs": "73d092aa17eb77074c60fde2efc86acb7ed77cc55c83a3732a279ab91e3d0ef8",
    "https://esm.sh/v113/rxjs@7.8.0/dist/types/index.d.ts": "d07edf3d54497fbe077b66c60f25ed579b0bbc950cad868b148c3d01f28e9a07",
    "https://esm.sh/v113/rxjs@7.8.0/dist/types/internal/AnyCatcher.d.ts": "fbaebad09324e695ca2ad53a64d9b3345d04609e85f87b1b0c014e01a5431298",
    "https://esm.sh/v113/rxjs@7.8.0/dist/types/internal/AsyncSubject.d.ts": "778f6d1c2b14d129a9c14d3f7223791ab2be0e63ef71f9b113957f6a8b7fdcff",
    "https://esm.sh/v113/rxjs@7.8.0/dist/types/internal/BehaviorSubject.d.ts": "c2f886d91e3e86e0808f598edaf39afe20807116752a9e40fb75a0d52fce610a",
    "https://esm.sh/v113/rxjs@7.8.0/dist/types/internal/Notification.d.ts": "3cd99691a000c661d3ae7642b43394335a734e4bb78250f6e068f27d76fdf4da",
    "https://esm.sh/v113/rxjs@7.8.0/dist/types/internal/Observable.d.ts": "2ff6da8d41f5b875ef020b317dc711d72ab04bea1287a79f8e5fc90fce3dd205",
    "https://esm.sh/v113/rxjs@7.8.0/dist/types/internal/Operator.d.ts": "9d0d5c476c708f4a66eb3b4219659bacd8502759899a5c175d0c17ae328c4534",
    "https://esm.sh/v113/rxjs@7.8.0/dist/types/internal/ReplaySubject.d.ts": "72b51c25289475767a4671c743781a1c7e94cfd7ef25afbab715e6963b76dc22",
    "https://esm.sh/v113/rxjs@7.8.0/dist/types/internal/Scheduler.d.ts": "fba1c6101359d07117c35c79c89301da212cacffa6b1291d40a13ee3d01281ab",
    "https://esm.sh/v113/rxjs@7.8.0/dist/types/internal/Subject.d.ts": "ed4499d3e65a3c87bc140aaf829bde8ad2bf790db17a6635069b498f0964f43b",
    "https://esm.sh/v113/rxjs@7.8.0/dist/types/internal/Subscriber.d.ts": "b992c97193b90e7f3041f715039128a4ef250f5b5d8bb6fdb836e9f245e87ce0",
    "https://esm.sh/v113/rxjs@7.8.0/dist/types/internal/Subscription.d.ts": "91b0e28503cc162e66a0d0c5f4ccfc7e0c5a1bf85770bcad21ac0c5c7c631f81",
    "https://esm.sh/v113/rxjs@7.8.0/dist/types/internal/config.d.ts": "843885fefbbf3759c37fcf671beff9043a2ae3db65d8fa62b2fa89e400e44ea1",
    "https://esm.sh/v113/rxjs@7.8.0/dist/types/internal/firstValueFrom.d.ts": "45b4e3bb23930676b46f2e6a543859abba3a0a045d7bbcc7ce3e7f9c1e44ff86",
    "https://esm.sh/v113/rxjs@7.8.0/dist/types/internal/lastValueFrom.d.ts": "a35e72c362134777a6ad57b269ce28de7c11abc0692ed64a5b8cf93e38257c2f",
    "https://esm.sh/v113/rxjs@7.8.0/dist/types/internal/observable/ConnectableObservable.d.ts": "d17226588f6505f8db893020b5d2093c118bbd70823bef5b1e86c88a9e46b287",
    "https://esm.sh/v113/rxjs@7.8.0/dist/types/internal/observable/bindCallback.d.ts": "801b1c7109d6d8f117dca1f4c4f0d76e8080b7f2c2c6efd9bf440c6aab5db1b6",
    "https://esm.sh/v113/rxjs@7.8.0/dist/types/internal/observable/bindNodeCallback.d.ts": "b9fbd7db728bda38075d7d210739ceb2c0c4986774f06d9eea772f8326504d1f",
    "https://esm.sh/v113/rxjs@7.8.0/dist/types/internal/observable/combineLatest.d.ts": "4d6fff3dc4a5c4dee0758320d7737ca32e996da3f29f9d88e150d63c0a7f5ccf",
    "https://esm.sh/v113/rxjs@7.8.0/dist/types/internal/observable/concat.d.ts": "b661acc79ff5a7b3fed55ef0c2f60b1891b8c96bd16e24b0ec7c7abdc52ed6a4",
    "https://esm.sh/v113/rxjs@7.8.0/dist/types/internal/observable/connectable.d.ts": "4556d159988527463016e9f5ff0e4a6f7e971ea552da9e028f2d0b612b5b293b",
    "https://esm.sh/v113/rxjs@7.8.0/dist/types/internal/observable/defer.d.ts": "f11d06afef30c41d4d095f956343e6d0b85ec9a3053207dec7f28b0ceea5134e",
    "https://esm.sh/v113/rxjs@7.8.0/dist/types/internal/observable/dom/animationFrames.d.ts": "7e8f83aa2e0d7614c4dc13c644b5292a57a75dcb4616ef1b548cee73b860fe07",
    "https://esm.sh/v113/rxjs@7.8.0/dist/types/internal/observable/empty.d.ts": "66ad7a78fd31fdbe67b35a69993eae2d7b3761d4fa697a63ad549916b1a6b253",
    "https://esm.sh/v113/rxjs@7.8.0/dist/types/internal/observable/forkJoin.d.ts": "66cf36651c6f2101c54e7d729caac0351c49ffe8f04a2984f627f1414aa72391",
    "https://esm.sh/v113/rxjs@7.8.0/dist/types/internal/observable/from.d.ts": "92f3f06386c8f45d77a547f9c5a1d8dac9b5159e92db409212b023a5297dd9c3",
    "https://esm.sh/v113/rxjs@7.8.0/dist/types/internal/observable/fromEvent.d.ts": "c37a844c054b93edb4a87b16a37e7fc374d56010f1891d5b74f886998432755e",
    "https://esm.sh/v113/rxjs@7.8.0/dist/types/internal/observable/fromEventPattern.d.ts": "0e34580662880d4c792408b86dd5a81f35e9e11e6511f8a728254a7083588fed",
    "https://esm.sh/v113/rxjs@7.8.0/dist/types/internal/observable/generate.d.ts": "8938922cd739433b334c948a60326a95af5d745b5bcad6c771e07dab1add672d",
    "https://esm.sh/v113/rxjs@7.8.0/dist/types/internal/observable/iif.d.ts": "1165aba2f7cf7bf06efa89331568934db273f5a3ef61a694d019fb6854ba9c24",
    "https://esm.sh/v113/rxjs@7.8.0/dist/types/internal/observable/interval.d.ts": "a0e7bd8b743fcd646091ee2af8ba14c15d207a773c74ead704ca151ba7fc45c6",
    "https://esm.sh/v113/rxjs@7.8.0/dist/types/internal/observable/merge.d.ts": "392c1f37f3616921ec498ab50dc693a48b5adea538e164f61da271703503633a",
    "https://esm.sh/v113/rxjs@7.8.0/dist/types/internal/observable/never.d.ts": "c79e6e4eb8ccb40cf7887e42748d8efab87d699cfe1d2d5827aec92e8bc3752b",
    "https://esm.sh/v113/rxjs@7.8.0/dist/types/internal/observable/of.d.ts": "cbca8bd06c77a5d1ca6222b6dde3c21c84e820677109867f0397fdf0d6b80e0f",
    "https://esm.sh/v113/rxjs@7.8.0/dist/types/internal/observable/onErrorResumeNext.d.ts": "8089d66748bfa0504e5b57b68dfafed59aa337b07fcb21781a69a8adb96715ca",
    "https://esm.sh/v113/rxjs@7.8.0/dist/types/internal/observable/pairs.d.ts": "1e7c12f4438f46d44a8a796ed5f651fe7ff98c0759fbd5c9eed730772bcaf9a9",
    "https://esm.sh/v113/rxjs@7.8.0/dist/types/internal/observable/partition.d.ts": "54b3737f72fc0300ca980e262877c72bdaef682e721964eb371cacbc1af3edbd",
    "https://esm.sh/v113/rxjs@7.8.0/dist/types/internal/observable/race.d.ts": "e4dbf6024207e72584ef519a7b9bc4559cd60305acd372c35e829920475b684c",
    "https://esm.sh/v113/rxjs@7.8.0/dist/types/internal/observable/range.d.ts": "6d8448a8d69e0d965fa7c7ef5728c7e9320ba67ffc2304d9d42967db675b8deb",
    "https://esm.sh/v113/rxjs@7.8.0/dist/types/internal/observable/throwError.d.ts": "c58aa94ff1a8bfea83836d41bfef2c28e1006d1265d2a36e9548a03fc9b3fc14",
    "https://esm.sh/v113/rxjs@7.8.0/dist/types/internal/observable/timer.d.ts": "09d07b7991473dad1ac5221047b8ac2781aafcd8b93c485d8f149e0e32a0eecb",
    "https://esm.sh/v113/rxjs@7.8.0/dist/types/internal/observable/using.d.ts": "3c06a65508abdd56e99f27be2dfe0d8e77ba79ee01281bc0d1ba447ea2759eba",
    "https://esm.sh/v113/rxjs@7.8.0/dist/types/internal/observable/zip.d.ts": "05cd7b3a09abc6ec4a84dc6f978388bc0ad124d651be639ef426f188834728c2",
    "https://esm.sh/v113/rxjs@7.8.0/dist/types/internal/operators/audit.d.ts": "40947194a6801612837b34edca4a4df39e681db2cb14e829242e187ff69ab1eb",
    "https://esm.sh/v113/rxjs@7.8.0/dist/types/internal/operators/auditTime.d.ts": "ba72de8ee74a5776eab55376b7a1b0221156303f5e570163fe574c74f9f11a7a",
    "https://esm.sh/v113/rxjs@7.8.0/dist/types/internal/operators/buffer.d.ts": "a6b5e3c834c31d862e37762657a96064fe67a1becad82cdf1cb366340da1559f",
    "https://esm.sh/v113/rxjs@7.8.0/dist/types/internal/operators/bufferCount.d.ts": "70a8d54aa7cf1da25806c79b418f06ddfb1c57b3563507c5530437348c08c973",
    "https://esm.sh/v113/rxjs@7.8.0/dist/types/internal/operators/bufferTime.d.ts": "d189d5c2bb3f3524b3a6745d214f40e7113d67f04d3035289b1e68ae1067631f",
    "https://esm.sh/v113/rxjs@7.8.0/dist/types/internal/operators/bufferToggle.d.ts": "891f7e918ae82eb7d799eb1def547d25e142091fe61aa26384c2232eefe1585a",
    "https://esm.sh/v113/rxjs@7.8.0/dist/types/internal/operators/bufferWhen.d.ts": "e9c3003dfdf472e16c44e3141dc5dfc580bd8869573d7aba45b7e4631b99ab54",
    "https://esm.sh/v113/rxjs@7.8.0/dist/types/internal/operators/catchError.d.ts": "446afd4fdb02fcfa738225a23d2ea4c66f0de1c90a8c76e1109f04f65ffc51b1",
    "https://esm.sh/v113/rxjs@7.8.0/dist/types/internal/operators/combineAll.d.ts": "81f6053595b9fa4372a791a1ee8fc40c1f8d97044380303d51e703286f4c50f2",
    "https://esm.sh/v113/rxjs@7.8.0/dist/types/internal/operators/combineLatest.d.ts": "169f9564da51660a177ce0f7688f219be432fa4938a5507e59674d065e9e0bf6",
    "https://esm.sh/v113/rxjs@7.8.0/dist/types/internal/operators/combineLatestAll.d.ts": "73631e603ba62b65210d5cd8b08e37df2152c1fedcab7d209536bd7252c6e231",
    "https://esm.sh/v113/rxjs@7.8.0/dist/types/internal/operators/combineLatestWith.d.ts": "a8630bf4a3dbc312b76cbc9f958df079ba2146e1258902216db7ddb29cc6fd29",
    "https://esm.sh/v113/rxjs@7.8.0/dist/types/internal/operators/concat.d.ts": "439d4bffcddd15c696efb53b0d2d6aea241e616b9d248f7e412a862b577ef643",
    "https://esm.sh/v113/rxjs@7.8.0/dist/types/internal/operators/concatAll.d.ts": "92a8ac3f35ceacf06b85cf56fd16e6fb8b95c0c979fff0a5b7de4a4110d85655",
    "https://esm.sh/v113/rxjs@7.8.0/dist/types/internal/operators/concatMap.d.ts": "4c416789e444eb638de8bc9b052bea7bfde5d56afb67d68c5a78b67574d71e17",
    "https://esm.sh/v113/rxjs@7.8.0/dist/types/internal/operators/concatMapTo.d.ts": "0280939ba0768f40f378c9b5d9aa0598cdf2e5c5f08886257d1ac1a6cdef1798",
    "https://esm.sh/v113/rxjs@7.8.0/dist/types/internal/operators/concatWith.d.ts": "afeca30a4f7d560921609b368a858e6fd1b8c583d9f17f8d7509710ef53565af",
    "https://esm.sh/v113/rxjs@7.8.0/dist/types/internal/operators/connect.d.ts": "0e8e7d438e04eb0e8ffe7296d84b027deb56a2138ca94314b23f3e25094ab2be",
    "https://esm.sh/v113/rxjs@7.8.0/dist/types/internal/operators/count.d.ts": "46c0b2df983601fb56e19419595098d5388fb64fb54bb7e6b6f0608c71721b87",
    "https://esm.sh/v113/rxjs@7.8.0/dist/types/internal/operators/debounce.d.ts": "89e20d79be6e77e4f371de25cec39339f6ffec885c6d7d7a4261ceeab942e26e",
    "https://esm.sh/v113/rxjs@7.8.0/dist/types/internal/operators/debounceTime.d.ts": "63e0d57826d4b3c0221500cf8223f1f563c33990c59c2355f18d4a2f72dbda6c",
    "https://esm.sh/v113/rxjs@7.8.0/dist/types/internal/operators/defaultIfEmpty.d.ts": "8543b4c019946a9f78abb81ea12bdfa1db355de3bc4b31543204c60ec184fb96",
    "https://esm.sh/v113/rxjs@7.8.0/dist/types/internal/operators/delay.d.ts": "ec7bf8d37672031c22781346595a22fae59289c103f7718cc60aad115bfbd026",
    "https://esm.sh/v113/rxjs@7.8.0/dist/types/internal/operators/delayWhen.d.ts": "500d8076837b8026008cb984bdc1ed671e37258810700de58719693fbd2a8d93",
    "https://esm.sh/v113/rxjs@7.8.0/dist/types/internal/operators/dematerialize.d.ts": "699c64d4c7d5a5fa539f6d8ce17e9c6bfa590ecdeb97ee6e2d6ce4e4ff919a43",
    "https://esm.sh/v113/rxjs@7.8.0/dist/types/internal/operators/distinct.d.ts": "b95429cced18e07106aaa0b6989106c3289d0dec6affbc051d55c4a5147f0edd",
    "https://esm.sh/v113/rxjs@7.8.0/dist/types/internal/operators/distinctUntilChanged.d.ts": "c7fea22b8d27ec76cfeb17320ba637c21efeef5ea3fcd64a51cefe5f38ebc4f3",
    "https://esm.sh/v113/rxjs@7.8.0/dist/types/internal/operators/distinctUntilKeyChanged.d.ts": "f4c473ff9fc855fcee1da0e8b8d33ce0821806ed02f4831940e7238bda5a8230",
    "https://esm.sh/v113/rxjs@7.8.0/dist/types/internal/operators/elementAt.d.ts": "69c7ad299dbdf2628b7e39e90e10450e9d28df424d041117ce076bad2cf6372a",
    "https://esm.sh/v113/rxjs@7.8.0/dist/types/internal/operators/endWith.d.ts": "d78bb346921600cdd2e9dd1af8e3b59a58b19a6275470847d9aa36bdc837260c",
    "https://esm.sh/v113/rxjs@7.8.0/dist/types/internal/operators/every.d.ts": "987d0a4e39a1d49abcddda2eed405c797ce9d596888322d4e81603c53b595dc0",
    "https://esm.sh/v113/rxjs@7.8.0/dist/types/internal/operators/exhaust.d.ts": "93d0e2a4f4a763eab7a3c5449f22c8f77a387a216c27c877e109240af1ea7d33",
    "https://esm.sh/v113/rxjs@7.8.0/dist/types/internal/operators/exhaustAll.d.ts": "b7788c3f42163b7c2ffcd2224946f6285f228ceda429836a993c682d317b1e7b",
    "https://esm.sh/v113/rxjs@7.8.0/dist/types/internal/operators/exhaustMap.d.ts": "015fb6674a0fe8ed63756f7724be0882db04bf6db73af74ab1bf677e7ddf48a1",
    "https://esm.sh/v113/rxjs@7.8.0/dist/types/internal/operators/expand.d.ts": "b5148d3454503c96c9351ae45ded9c2d1413815972333538bebb70d6c19fe0c1",
    "https://esm.sh/v113/rxjs@7.8.0/dist/types/internal/operators/filter.d.ts": "9e1a44bb7fa5440e73e2d765c6c66ab2bbca78b49b92ea80b58ec78cea11a194",
    "https://esm.sh/v113/rxjs@7.8.0/dist/types/internal/operators/finalize.d.ts": "f0692f2915a2f83c2d226928055bd545bea94c97511df049ab50ebb3091139d6",
    "https://esm.sh/v113/rxjs@7.8.0/dist/types/internal/operators/find.d.ts": "5fac7abaac0f9f92920d081fb1f826b6b5be0e71cb56fb71292a2f330a9a3985",
    "https://esm.sh/v113/rxjs@7.8.0/dist/types/internal/operators/findIndex.d.ts": "8b0299178b239ef0cd179f6094c5597d255f0c9fd012035f6128519099f774fe",
    "https://esm.sh/v113/rxjs@7.8.0/dist/types/internal/operators/first.d.ts": "ef46b081fc8209ece2d4459f46fdd4d7d272a5bfe04cef403959088bf8606551",
    "https://esm.sh/v113/rxjs@7.8.0/dist/types/internal/operators/flatMap.d.ts": "f44c30608e87709e53c715484bcb8fb0eb0db9c0367500adce159207995f63eb",
    "https://esm.sh/v113/rxjs@7.8.0/dist/types/internal/operators/groupBy.d.ts": "47d22b3de31b114da18a3fae0d28b64e1873bb9ca26f562abb00569938e1024a",
    "https://esm.sh/v113/rxjs@7.8.0/dist/types/internal/operators/ignoreElements.d.ts": "44e0be63c7d44aab7df98de454f7284edf93cf291329e060340d6afdc0ade2a2",
    "https://esm.sh/v113/rxjs@7.8.0/dist/types/internal/operators/isEmpty.d.ts": "ecaa75b33a64f3c366d180228872884a8dacf48eb60f55223821b21fb484e2c2",
    "https://esm.sh/v113/rxjs@7.8.0/dist/types/internal/operators/last.d.ts": "048409e758d230e8308ed9d89e7b0d1725d9f0aa751b2f3f72e997ebeee81d05",
    "https://esm.sh/v113/rxjs@7.8.0/dist/types/internal/operators/map.d.ts": "e043da44129e6b8955f353adcbdc7fbac2817e05f010a302aacbe6fbdefbd3a2",
    "https://esm.sh/v113/rxjs@7.8.0/dist/types/internal/operators/mapTo.d.ts": "cef1144ce09a3751a57bea7e7e4d0fa87cc5001d966a6783c88380861045440b",
    "https://esm.sh/v113/rxjs@7.8.0/dist/types/internal/operators/materialize.d.ts": "3afea63d156a900a02215827591a1f24bccdd212dc71eeeb4168bd0498c82d76",
    "https://esm.sh/v113/rxjs@7.8.0/dist/types/internal/operators/max.d.ts": "450fcf12a809d32298bb668aa7278c8f0e15bd1037bbd549aaaa649eeb4c2133",
    "https://esm.sh/v113/rxjs@7.8.0/dist/types/internal/operators/merge.d.ts": "d14c6f35245bc81750602a9360dbbfbfb571cca2175838c7422ed81c5bfa69f3",
    "https://esm.sh/v113/rxjs@7.8.0/dist/types/internal/operators/mergeAll.d.ts": "b0df1b60b5d285bffe4492185ea174f32edb0f9cc3118044bdaecf61e7908956",
    "https://esm.sh/v113/rxjs@7.8.0/dist/types/internal/operators/mergeMap.d.ts": "fb28103935742404683177e02f8c8d60ce55eb0b5a00f4fb97e4574472ad4d83",
    "https://esm.sh/v113/rxjs@7.8.0/dist/types/internal/operators/mergeMapTo.d.ts": "cdce3ac20a4432af454a8ae2b9826b703b8a45ae4884633ccfb5a21ff7bab4e7",
    "https://esm.sh/v113/rxjs@7.8.0/dist/types/internal/operators/mergeScan.d.ts": "ddf3636da36b6aab946153787f996b4a0334e5e7cb420951d88b3c6c2f2999fe",
    "https://esm.sh/v113/rxjs@7.8.0/dist/types/internal/operators/mergeWith.d.ts": "63f53ef12eb48a86c3f0d15de222e6e2fa7ed9bfb40c4a71e6e7b9695332b993",
    "https://esm.sh/v113/rxjs@7.8.0/dist/types/internal/operators/min.d.ts": "5c4b8d1aad2970de45cf3209c8cc4ff7306238afdd45ff60543029dac1630378",
    "https://esm.sh/v113/rxjs@7.8.0/dist/types/internal/operators/multicast.d.ts": "1ec64ff84990acbc456615161b6ee1bfe4630a7dedb9d5c24f4bcc3b40abcf1c",
    "https://esm.sh/v113/rxjs@7.8.0/dist/types/internal/operators/observeOn.d.ts": "8ffebe689416aa2c5c369006ef1aae86aaa3a0596d3d9f8df36d4ec3a72a43b5",
    "https://esm.sh/v113/rxjs@7.8.0/dist/types/internal/operators/onErrorResumeNextWith.d.ts": "c87010bfef5d6c4c5fd08fc624f29a2bb2656707e04ccaaab84c5c31203d1c81",
    "https://esm.sh/v113/rxjs@7.8.0/dist/types/internal/operators/pairwise.d.ts": "bd8b5b90340e93458b77992b1a34bf9918dbfd96309814efe8254cfa8572cbf0",
    "https://esm.sh/v113/rxjs@7.8.0/dist/types/internal/operators/partition.d.ts": "0c373dab172830458d2be73790f90e451ac8146ef768f4329138620901c23f46",
    "https://esm.sh/v113/rxjs@7.8.0/dist/types/internal/operators/pluck.d.ts": "f43e708ec44d01e5ff63f7857f0843b9e30d253d35c7c9d42d157998c432f956",
    "https://esm.sh/v113/rxjs@7.8.0/dist/types/internal/operators/publish.d.ts": "0dfd7959933636677f7e35332c0721c3dd75c7e523db077dd763a820ce6625d4",
    "https://esm.sh/v113/rxjs@7.8.0/dist/types/internal/operators/publishBehavior.d.ts": "71b947885064ac2b46a532d4e0c0b6c600d66fdb1e1cfb850c92d5ad4d2829db",
    "https://esm.sh/v113/rxjs@7.8.0/dist/types/internal/operators/publishLast.d.ts": "3b85070d3270220464d6da7ba36d6c53e71ce8a07159c29a8684da391fe2d44a",
    "https://esm.sh/v113/rxjs@7.8.0/dist/types/internal/operators/publishReplay.d.ts": "7aec9670e41cf9969ba2991489dc9da2a9298a4dee935f99a6c7dabb948a44ed",
    "https://esm.sh/v113/rxjs@7.8.0/dist/types/internal/operators/race.d.ts": "a9bb2e988960c4d41a98fc7dc0aaf9be97d7e2587b3db4039e72b0049dacab5b",
    "https://esm.sh/v113/rxjs@7.8.0/dist/types/internal/operators/raceWith.d.ts": "a8d5067b958a5636719a5d442f19c0496c2a7e98487567af5e5281fe44cb9890",
    "https://esm.sh/v113/rxjs@7.8.0/dist/types/internal/operators/reduce.d.ts": "5a60da83b7ce69a77d7bf7290cca8a16337d64b2eb49e53282c66beafd208470",
    "https://esm.sh/v113/rxjs@7.8.0/dist/types/internal/operators/refCount.d.ts": "d8f282f31e88ecb04aac118a474652fdc473da43c80eb1b644e1f17e7c59c6ac",
    "https://esm.sh/v113/rxjs@7.8.0/dist/types/internal/operators/repeat.d.ts": "9bd28359d7be556e67be471a50713143611a6443dfb370fba0992c27af19102f",
    "https://esm.sh/v113/rxjs@7.8.0/dist/types/internal/operators/repeatWhen.d.ts": "c7727856671507510cd10c1a700efa743e6c75bd8a2aa92b903802ca23e3159a",
    "https://esm.sh/v113/rxjs@7.8.0/dist/types/internal/operators/retry.d.ts": "a036db3559788b738e865bd31c43089726766ca535f6f5117bd9b2427ed739e3",
    "https://esm.sh/v113/rxjs@7.8.0/dist/types/internal/operators/retryWhen.d.ts": "6629a846965185f8a4e716f91c95693e5d54784f66694de44b3863b3cf645fec",
    "https://esm.sh/v113/rxjs@7.8.0/dist/types/internal/operators/sample.d.ts": "5d7736f7ab61fb1c39e4e2067547bf20d5340147670ca9628a1d0a0f27680db6",
    "https://esm.sh/v113/rxjs@7.8.0/dist/types/internal/operators/sampleTime.d.ts": "0253b83ef5f266c7b99ac40a0bbba4e885ae15375517eb15690ab3c515411ece",
    "https://esm.sh/v113/rxjs@7.8.0/dist/types/internal/operators/scan.d.ts": "a6f992b36ad084c46b3fc9fd5c3e191df442b289aeaa1cf1238d2180e83b0b5b",
    "https://esm.sh/v113/rxjs@7.8.0/dist/types/internal/operators/sequenceEqual.d.ts": "28fed8ebffd5bc33f625b9092a1387b2c6e0a003fa3a5ace078594dd82223995",
    "https://esm.sh/v113/rxjs@7.8.0/dist/types/internal/operators/share.d.ts": "9c9d073671efbdc6617ee44b7ac73373c29efdc2c31eafe3410ffa59a9fbec26",
    "https://esm.sh/v113/rxjs@7.8.0/dist/types/internal/operators/shareReplay.d.ts": "07d63d9afa2757796dbd70462e4759814e4eb01d78ab56a1b27c5fa085f3f2d8",
    "https://esm.sh/v113/rxjs@7.8.0/dist/types/internal/operators/single.d.ts": "21dc7b532a4c29b2f979005f774cd8479cf854aa81a50bcd7c8982db65f6614e",
    "https://esm.sh/v113/rxjs@7.8.0/dist/types/internal/operators/skip.d.ts": "1f52306e7bee63e59b57e2859fa9eaaefe743409cb1a58ca2a6f1069c0576501",
    "https://esm.sh/v113/rxjs@7.8.0/dist/types/internal/operators/skipLast.d.ts": "9fdf7f8d74655bc089df6ac96fc8f0e5276580f6eba79d3433751cbe22237451",
    "https://esm.sh/v113/rxjs@7.8.0/dist/types/internal/operators/skipUntil.d.ts": "b3a0a17025341da107d731e190f122d5a95c123329b77d7f4e8ed327eb34f8d9",
    "https://esm.sh/v113/rxjs@7.8.0/dist/types/internal/operators/skipWhile.d.ts": "115f7f8b097faf7c690e595ef474f224fe4264231229dd79760ee6a9c60bf486",
    "https://esm.sh/v113/rxjs@7.8.0/dist/types/internal/operators/startWith.d.ts": "1f12ac0a4cc3d13d838d592e66b36b187261ee929e6dc1247600dedfdc59ff15",
    "https://esm.sh/v113/rxjs@7.8.0/dist/types/internal/operators/subscribeOn.d.ts": "10afc3d6681b6feb8335c45c1f7d48e6f3fcc9ba0e9e1953cfc7105fa29c0001",
    "https://esm.sh/v113/rxjs@7.8.0/dist/types/internal/operators/switchAll.d.ts": "b2bc195b210c6714959eaf33c9bb39c65672d7885249571f7d2d65669b591989",
    "https://esm.sh/v113/rxjs@7.8.0/dist/types/internal/operators/switchMap.d.ts": "913e04a0b40d80a6416d5650d2bd83288dfe5ca6638cb8af1cbac67510432849",
    "https://esm.sh/v113/rxjs@7.8.0/dist/types/internal/operators/switchMapTo.d.ts": "fb9a71e4f714ccf9934bdc149e7a7fe61815e576b35098393318db0e4848526f",
    "https://esm.sh/v113/rxjs@7.8.0/dist/types/internal/operators/switchScan.d.ts": "13e202871addba6c83828f16e40f6c21cfa55658ecb8c8175e64eba455de110a",
    "https://esm.sh/v113/rxjs@7.8.0/dist/types/internal/operators/take.d.ts": "7d233c9a9f4882d3c6c26a6c738b7b666271e1f06fb53dffb1c7fa52f9a14901",
    "https://esm.sh/v113/rxjs@7.8.0/dist/types/internal/operators/takeLast.d.ts": "6df0a935bdfa44630383817a67d7bb0b37f88499770f785c95a78cf5e0918d95",
    "https://esm.sh/v113/rxjs@7.8.0/dist/types/internal/operators/takeUntil.d.ts": "37310945f55cecbdc24d03e9073676957046a5de7b45865576ed3c59e9034151",
    "https://esm.sh/v113/rxjs@7.8.0/dist/types/internal/operators/takeWhile.d.ts": "180acceae8e043e6e6e2c70e9911cfaaf193c03aa4c3d12d7fe65098c9d081ba",
    "https://esm.sh/v113/rxjs@7.8.0/dist/types/internal/operators/tap.d.ts": "1effa23b51c13015ea8e0f596805a46f70b3b732d0be076b9cc8752cbb7a4192",
    "https://esm.sh/v113/rxjs@7.8.0/dist/types/internal/operators/throttle.d.ts": "f19617db1638b825ac16afee106826dacb2971ae9086e7c7b99a96c1063496cb",
    "https://esm.sh/v113/rxjs@7.8.0/dist/types/internal/operators/throttleTime.d.ts": "506bf424fdc221b812767b112eadf4e76417e3a7f95785bf906a5bc1bda938e0",
    "https://esm.sh/v113/rxjs@7.8.0/dist/types/internal/operators/throwIfEmpty.d.ts": "bf3b208f740f61601afd43553817fa8b2a7be7734f665ee63f1a0de3b98546b1",
    "https://esm.sh/v113/rxjs@7.8.0/dist/types/internal/operators/timeInterval.d.ts": "4527a2b1ab2a4430eb33954c7669e1667fecf68e718b11a936722633a8946c36",
    "https://esm.sh/v113/rxjs@7.8.0/dist/types/internal/operators/timeout.d.ts": "129d705a1848e70e72e7410d665b4e910cf18286e68bb8963aa49b0394502e0e",
    "https://esm.sh/v113/rxjs@7.8.0/dist/types/internal/operators/timeoutWith.d.ts": "b3762c0df2faf0da6801157259fe2b6b9626496fd868aa40bba9bd16feed693e",
    "https://esm.sh/v113/rxjs@7.8.0/dist/types/internal/operators/timestamp.d.ts": "10a906a1e72f5036a51cfa54581af6c78e70926eabc1da1b399ffbc751faa710",
    "https://esm.sh/v113/rxjs@7.8.0/dist/types/internal/operators/toArray.d.ts": "ee8a90b017042c2af4db7cac47cead64026714d6b55a7188f5bf3f7c585a9276",
    "https://esm.sh/v113/rxjs@7.8.0/dist/types/internal/operators/window.d.ts": "2ab8c09f31cc9b6adaaef270e5508dfa28b57c540ddb930899c422f55c108609",
    "https://esm.sh/v113/rxjs@7.8.0/dist/types/internal/operators/windowCount.d.ts": "7aa563d7cf10b9b2db4fd799b85a3aac1be5fe4720bf6df7dcdf853fa2d4934b",
    "https://esm.sh/v113/rxjs@7.8.0/dist/types/internal/operators/windowTime.d.ts": "4cc80cc052efa6764cf1c00462b172768ab919434002b6482acbfa276bec2208",
    "https://esm.sh/v113/rxjs@7.8.0/dist/types/internal/operators/windowToggle.d.ts": "565f168e9f6dacf8d680e5e1191b75dcd7b8afaaf369e366ecd0a0cb04cc0da8",
    "https://esm.sh/v113/rxjs@7.8.0/dist/types/internal/operators/windowWhen.d.ts": "949b22a434775067f1eb119210c0d56922ba798d4370380dfc238d9e2b609d71",
    "https://esm.sh/v113/rxjs@7.8.0/dist/types/internal/operators/withLatestFrom.d.ts": "b36250432ec9d4000a0058d28e1a20eea7e4aa4dcfac734489e9e46291c10848",
    "https://esm.sh/v113/rxjs@7.8.0/dist/types/internal/operators/zip.d.ts": "ec8a6d70bf05db2da0a5056983e2d2363c776063d8012eb2478a4ad5eacb5e0c",
    "https://esm.sh/v113/rxjs@7.8.0/dist/types/internal/operators/zipAll.d.ts": "a68badbf262cda8f65d41afa2ce2abd588e54db4b50911d9e83860e2fe058d97",
    "https://esm.sh/v113/rxjs@7.8.0/dist/types/internal/operators/zipWith.d.ts": "08ea46e8345d81e578e514d2981c0d88cef524f0539ff752219af643920481cb",
    "https://esm.sh/v113/rxjs@7.8.0/dist/types/internal/scheduled/scheduled.d.ts": "f7f8a005f5ec024e7ae61f58bcee97a15f6c1ab5be6f09dd01a18cfe6433c6ff",
    "https://esm.sh/v113/rxjs@7.8.0/dist/types/internal/scheduler/Action.d.ts": "5a60d533cde1ae85647c6635a61ad9235797d1ee25959c0a34b5e2eb5d339220",
    "https://esm.sh/v113/rxjs@7.8.0/dist/types/internal/scheduler/AnimationFrameScheduler.d.ts": "c16a9fe3de27e19b3ed93dcd43b855962e3af582b349cb307d0fe8ff994c0f3d",
    "https://esm.sh/v113/rxjs@7.8.0/dist/types/internal/scheduler/AsapScheduler.d.ts": "8f8df41d59d76185a291d91b220f0ee9b6e74a56960101468a5285b16474b4e6",
    "https://esm.sh/v113/rxjs@7.8.0/dist/types/internal/scheduler/AsyncAction.d.ts": "8310143be3b6aefa88e2328aab43d1ec75d86c559ee87469fa6f4da3ad28ebdd",
    "https://esm.sh/v113/rxjs@7.8.0/dist/types/internal/scheduler/AsyncScheduler.d.ts": "86cc29f2210552c0ba68db21ecc0ed33398f435e9871ee42a542fe35c504b6cc",
    "https://esm.sh/v113/rxjs@7.8.0/dist/types/internal/scheduler/QueueScheduler.d.ts": "8245d3f8d140d802d4ab0a94d9df63efe54beb7fc333c06bf77cc1c00c4b90ba",
    "https://esm.sh/v113/rxjs@7.8.0/dist/types/internal/scheduler/VirtualTimeScheduler.d.ts": "6aa718e7f7afa8c80b395438042ac52b75395f28d423caa72b90648728a67f62",
    "https://esm.sh/v113/rxjs@7.8.0/dist/types/internal/scheduler/animationFrame.d.ts": "f5f7b76b60e183c2857f3bfefe6819dbbf5ed14db30e939f31f37f1deda093fe",
    "https://esm.sh/v113/rxjs@7.8.0/dist/types/internal/scheduler/asap.d.ts": "0917725f74f589f43133fe72f7eb325329d75ce0fa0ec18a60c0d80d55d15814",
    "https://esm.sh/v113/rxjs@7.8.0/dist/types/internal/scheduler/async.d.ts": "402535e3b574a21d92460bbdb400a383bb3d2c73372b072b5cf870b151a9e094",
    "https://esm.sh/v113/rxjs@7.8.0/dist/types/internal/scheduler/queue.d.ts": "4691d964fbbc3a7bed0991fc2e26d60017e1412eb4f60e740e085357e6535208",
    "https://esm.sh/v113/rxjs@7.8.0/dist/types/internal/scheduler/timerHandle.d.ts": "6513ec4a65f8d06bc707bd9b6bd60eff0ebe0a224f49dd67fbf12ac18dfa1186",
    "https://esm.sh/v113/rxjs@7.8.0/dist/types/internal/symbol/observable.d.ts": "1f60a44e06e90dbc9932d1dc1e736715870e49724ecb06b9376bc9662f32ffda",
    "https://esm.sh/v113/rxjs@7.8.0/dist/types/internal/testing/ColdObservable.d.ts": "84cfce041fc10924383cec2c225e4fed8933bb95125f999a3021f42085c6d7c2",
    "https://esm.sh/v113/rxjs@7.8.0/dist/types/internal/testing/HotObservable.d.ts": "61c23071a34da3e230b735aff3e9fa9493a791f45c8dc7868c032d49a95420b5",
    "https://esm.sh/v113/rxjs@7.8.0/dist/types/internal/testing/SubscriptionLog.d.ts": "22a20c36d37495242307deb3a94c51470dd52204ac7ec8951db5aa5c9e33552f",
    "https://esm.sh/v113/rxjs@7.8.0/dist/types/internal/testing/SubscriptionLoggable.d.ts": "13008c235d33f286d26b9185514943b0d76027ea862e8cff8c54f96060049dfd",
    "https://esm.sh/v113/rxjs@7.8.0/dist/types/internal/testing/TestMessage.d.ts": "2b4a460e9c4957a30b4d3184a90416d9dc1527d1eb1b2e96bdee72ae9e50cb35",
    "https://esm.sh/v113/rxjs@7.8.0/dist/types/internal/testing/TestScheduler.d.ts": "107e8790d92bbc66c5bb99ec2dcf309ece199fe49f379d7e4d9211def210298a",
    "https://esm.sh/v113/rxjs@7.8.0/dist/types/internal/types.d.ts": "34c3f91b8de221f6cc34e355969bebc5ece1d3ce81dc5a5da5e7e2a5ebc0bf3e",
    "https://esm.sh/v113/rxjs@7.8.0/dist/types/internal/util/ArgumentOutOfRangeError.d.ts": "4e3631707c43e3c3112e39bd577e27915ccf27fd4c0456b80271ff4f188fdbc3",
    "https://esm.sh/v113/rxjs@7.8.0/dist/types/internal/util/EmptyError.d.ts": "148a1e18352f0face94bd22a6a084eecffc8d5cd6634e1890e011aca1e3ba332",
    "https://esm.sh/v113/rxjs@7.8.0/dist/types/internal/util/NotFoundError.d.ts": "c4c42ee0337cb1e23ed7b6cb7f26bb5d533f8b6e6277c08f865ac850894d2cbe",
    "https://esm.sh/v113/rxjs@7.8.0/dist/types/internal/util/ObjectUnsubscribedError.d.ts": "61c8f51cb5bb2d0762703df22319afcc28e2830eefe99b8f36bdb6b077e73f6a",
    "https://esm.sh/v113/rxjs@7.8.0/dist/types/internal/util/SequenceError.d.ts": "a44f1dff3ea6e24cce1ac4442149b435079ab313667622fc45fe9e22c2b294b9",
    "https://esm.sh/v113/rxjs@7.8.0/dist/types/internal/util/UnsubscriptionError.d.ts": "cc3bd79bc3c28eead7cd8523d0b4f9e0096a2968fa850383983c445c82ee0064",
    "https://esm.sh/v113/rxjs@7.8.0/dist/types/internal/util/identity.d.ts": "d7b8cce07eb14ed82f56aadb7f1452b8854141c45b69559c12a89ed974c8bf08",
    "https://esm.sh/v113/rxjs@7.8.0/dist/types/internal/util/isObservable.d.ts": "92fcb70356bb6be9aabd896b3c88bd64ca636534ea59cc4006f4d9ed3f2a9560",
    "https://esm.sh/v113/rxjs@7.8.0/dist/types/internal/util/noop.d.ts": "400d4bf5e5a94696535602c7e63432313501af792b9981fa4f4b78887fbbd7c3",
    "https://esm.sh/v113/rxjs@7.8.0/dist/types/internal/util/pipe.d.ts": "9f9f0dc570fb8d836189e110f0e858a70418a90e39746e4aa2a5ae7a2e2f84e8",
    "https://esm.sh/v113/rxjs@7.8.0/dist/types/operators/index.d.ts": "65df4d5ec641396e77cc18e239924ee7429f3b6d1b8c6f953c602b7d96bed6f1",
    "https://esm.sh/v113/rxjs@7.8.0/dist/types/testing/index.d.ts": "fccddf8b8e9ce506a5008e9543694fdcedb75b12bdeca6e72c2554cf97189a73"
  }
}
